
Microsoft Visual Studio Solution File, Format Version 12.00
# Visual Studio Version 17
VisualStudioVersion = 17.9.34902.65
MinimumVisualStudioVersion = 10.0.40219.1
Project("{FAE04EC0-301F-11D3-BF4B-00C04F79EFBC}") = "tp-4", "tp-4\tp-4.csproj", "{09636400-5CBC-49FD-9AEC-819EBDD877ED}"
EndProject
Global
	GlobalSection(SolutionConfigurationPlatforms) = preSolution
		Debug|Any CPU = Debug|Any CPU
		Release|Any CPU = Release|Any CPU
	EndGlobalSection
	GlobalSection(ProjectConfigurationPlatforms) = postSolution
		{09636400-5CBC-49FD-9AEC-819EBDD877ED}.Debug|Any CPU.ActiveCfg = Debug|Any CPU
		{09636400-5CBC-49FD-9AEC-819EBDD877ED}.Debug|Any CPU.Build.0 = Debug|Any CPU
		{09636400-5CBC-49FD-9AEC-819EBDD877ED}.Release|Any CPU.ActiveCfg = Release|Any CPU
		{09636400-5CBC-49FD-9AEC-819EBDD877ED}.Release|Any CPU.Build.0 = Release|Any CPU
	EndGlobalSection
	GlobalSection(SolutionProperties) = preSolution
		HideSolutionNode = FALSE
	EndGlobalSection
	GlobalSection(ExtensibilityGlobals) = postSolution
		SolutionGuid = {5C51686F-D90A-4EB1-82C8-3EE7066973FE}
	EndGlobalSection
EndGlobal
